
Microsoft Visual Studio Solution File, Format Version 12.00
# Visual Studio Version 17
VisualStudioVersion = 17.8.34408.163
MinimumVisualStudioVersion = 10.0.40219.1
Project("{FAE04EC0-301F-11D3-BF4B-00C04F79EFBC}") = "Homework.Server", "Homework.Server\Homework.Server.csproj", "{434DB200-AF9A-4047-B84F-2EAE6D55741F}"
EndProject
Project("{54A90642-561A-4BB1-A94E-469ADEE60C69}") = "homework.client", "homework.client\homework.client.esproj", "{8A4FE80F-1D71-4A27-92EA-8B90882035BE}"
EndProject
Global
	GlobalSection(SolutionConfigurationPlatforms) = preSolution
		Debug|Any CPU = Debug|Any CPU
		Release|Any CPU = Release|Any CPU
	EndGlobalSection
	GlobalSection(ProjectConfigurationPlatforms) = postSolution
		{434DB200-AF9A-4047-B84F-2EAE6D55741F}.Debug|Any CPU.ActiveCfg = Debug|Any CPU
		{434DB200-AF9A-4047-B84F-2EAE6D55741F}.Debug|Any CPU.Build.0 = Debug|Any CPU
		{434DB200-AF9A-4047-B84F-2EAE6D55741F}.Release|Any CPU.ActiveCfg = Release|Any CPU
		{434DB200-AF9A-4047-B84F-2EAE6D55741F}.Release|Any CPU.Build.0 = Release|Any CPU
		{8A4FE80F-1D71-4A27-92EA-8B90882035BE}.Debug|Any CPU.ActiveCfg = Debug|Any CPU
		{8A4FE80F-1D71-4A27-92EA-8B90882035BE}.Debug|Any CPU.Build.0 = Debug|Any CPU
		{8A4FE80F-1D71-4A27-92EA-8B90882035BE}.Debug|Any CPU.Deploy.0 = Debug|Any CPU
		{8A4FE80F-1D71-4A27-92EA-8B90882035BE}.Release|Any CPU.ActiveCfg = Release|Any CPU
		{8A4FE80F-1D71-4A27-92EA-8B90882035BE}.Release|Any CPU.Build.0 = Release|Any CPU
		{8A4FE80F-1D71-4A27-92EA-8B90882035BE}.Release|Any CPU.Deploy.0 = Release|Any CPU
	EndGlobalSection
	GlobalSection(SolutionProperties) = preSolution
		HideSolutionNode = FALSE
	EndGlobalSection
	GlobalSection(ExtensibilityGlobals) = postSolution
		SolutionGuid = {4164F2CE-A14F-42B3-B624-62ABC99922D4}
	EndGlobalSection
EndGlobal
